
Microsoft Visual Studio Solution File, Format Version 12.00
# Visual Studio Version 16
VisualStudioVersion = 16.0.30804.86
MinimumVisualStudioVersion = 10.0.40219.1
Project("{FAE04EC0-301F-11D3-BF4B-00C04F79EFBC}") = "Sahibinden.Console", "Sahibinden.Console\Sahibinden.Console.csproj", "{B2E24526-D2B7-4C68-9171-77E9763C69E6}"
EndProject
Global
	GlobalSection(SolutionConfigurationPlatforms) = preSolution
		Debug|Any CPU = Debug|Any CPU
		Release|Any CPU = Release|Any CPU
	EndGlobalSection
	GlobalSection(ProjectConfigurationPlatforms) = postSolution
		{B2E24526-D2B7-4C68-9171-77E9763C69E6}.Debug|Any CPU.ActiveCfg = Debug|Any CPU
		{B2E24526-D2B7-4C68-9171-77E9763C69E6}.Debug|Any CPU.Build.0 = Debug|Any CPU
		{B2E24526-D2B7-4C68-9171-77E9763C69E6}.Release|Any CPU.ActiveCfg = Release|Any CPU
		{B2E24526-D2B7-4C68-9171-77E9763C69E6}.Release|Any CPU.Build.0 = Release|Any CPU
	EndGlobalSection
	GlobalSection(SolutionProperties) = preSolution
		HideSolutionNode = FALSE
	EndGlobalSection
	GlobalSection(ExtensibilityGlobals) = postSolution
		SolutionGuid = {F3B130B4-BE0C-4211-BB9C-B4389B3EC3AB}
	EndGlobalSection
EndGlobal
